{
  "name": "ts-fe-guild",
  "version": "1.0.0",
  "lockfileVersion": 1,
  "requires": true,
  "dependencies": {
    "@types/lodash": {
      "version": "4.14.168",
      "resolved": "https://volusion.jfrog.io/artifactory/api/npm/npm/@types/lodash/-/lodash-4.14.168.tgz",
      "integrity": "sha1-/iRjLnm3rePxMoka//hsql5c4Ag=",
      "dev": true
    },
    "@types/prop-types": {
      "version": "15.7.3",
      "resolved": "https://volusion.jfrog.io/artifactory/api/npm/npm/@types/prop-types/-/prop-types-15.7.3.tgz",
      "integrity": "sha1-KrDV2i5YFflLC51LldHl8kOrLKc=",
      "dev": true
    },
    "@types/react": {
      "version": "17.0.0",
      "resolved": "https://volusion.jfrog.io/artifactory/api/npm/npm/@types/react/-/react-17.0.0.tgz",
      "integrity": "sha1-WvPrf60oBwkvAEahMCt4I+J5Gbg=",
      "dev": true,
      "requires": {
        "@types/prop-types": "*",
        "csstype": "^3.0.2"
      }
    },
    "csstype": {
      "version": "3.0.6",
      "resolved": "https://volusion.jfrog.io/artifactory/api/npm/npm/csstype/-/csstype-3.0.6.tgz",
      "integrity": "sha1-hl0LWDPX2NQPTluKbXauo95HJe8=",
      "dev": true
    },
    "js-tokens": {
      "version": "4.0.0",
      "resolved": "https://volusion.jfrog.io/artifactory/api/npm/npm/js-tokens/-/js-tokens-4.0.0.tgz",
      "integrity": "sha1-GSA/tZmR35jjoocFDUZHzerzJJk="
    },
    "lodash": {
      "version": "4.17.20",
      "resolved": "https://volusion.jfrog.io/artifactory/api/npm/npm/lodash/-/lodash-4.17.20.tgz",
      "integrity": "sha1-tEqbYpe8tpjxxRo1RaKzs2jVnFI="
    },
    "loose-envify": {
      "version": "1.4.0",
      "resolved": "https://volusion.jfrog.io/artifactory/api/npm/npm/loose-envify/-/loose-envify-1.4.0.tgz",
      "integrity": "sha1-ce5R+nvkyuwaY4OffmgtgTLTDK8=",
      "requires": {
        "js-tokens": "^3.0.0 || ^4.0.0"
      }
    },
    "object-assign": {
      "version": "4.1.1",
      "resolved": "https://volusion.jfrog.io/artifactory/api/npm/npm/object-assign/-/object-assign-4.1.1.tgz",
      "integrity": "sha1-IQmtx5ZYh8/AXLvUQsrIv7s2CGM="
    },
    "react": {
      "version": "17.0.1",
      "resolved": "https://volusion.jfrog.io/artifactory/api/npm/npm/react/-/react-17.0.1.tgz",
      "integrity": "sha1-bgYAQWvVdXTj+G2S7bo9kAhyYSc=",
      "requires": {
        "loose-envify": "^1.1.0",
        "object-assign": "^4.1.1"
      }
    },
    "typescript": {
      "version": "4.1.2",
      "resolved": "https://volusion.jfrog.io/artifactory/api/npm/npm/typescript/-/typescript-4.1.2.tgz",
      "integrity": "sha1-Y2nvIlFv5eEDBKrlpcSGLbVTgOk=",
      "dev": true
    }
  }
}
